GEM
  remote: http://rubygems.org/
  specs:
    base64 (0.3.0)
    bigdecimal (4.1.2)
    cinch (2.3.4)
    connection_pool (3.0.2)
    daemons (1.4.1)
    em-hiredis (0.3.1)
      eventmachine (~> 1.0)
      hiredis (~> 0.6.0)
    eventmachine (1.2.7)
    ffi (1.17.4)
    haml (7.5.0)
      prism (>= 1.1.0)
      temple (>= 0.8.2)
      thor
      tilt
    hiredis (0.6.3)
    logger (1.7.0)
    multi_json (1.21.1)
    mustermann (3.1.1)
    mysql2 (0.5.7)
      bigdecimal
    pg (1.6.3)
    prism (1.9.0)
    rack (3.2.7)
    rack-protection (4.2.1)
      base64 (>= 0.1.0)
      logger (>= 1.6.0)
      rack (>= 3.0.0, < 4)
    rack-session (2.1.2)
      base64 (>= 0.1.0)
      rack (>= 3.0.0)
    rb-fsevent (0.11.2)
    rb-inotify (0.11.1)
      ffi (~> 1.0)
    redis (6.0.0)
      redis-client (= 0.30.1)
    redis-client (0.30.1)
      connection_pool
    sass (3.7.4)
      sass-listen (~> 4.0.0)
    sass-listen (4.0.0)
      rb-fsevent (~> 0.9, >= 0.9.4)
      rb-inotify (~> 0.9, >= 0.9.7)
    sequel (5.107.0)
      bigdecimal
    sinatra (4.2.1)
      logger (>= 1.6.0)
      mustermann (~> 3.0)
      rack (>= 3.0.0, < 4)
      rack-protection (= 4.2.1)
      rack-session (>= 2.0.0, < 3)
      tilt (~> 2.0)
    sinatra-contrib (4.2.1)
      multi_json (>= 0.0.2)
      mustermann (~> 3.0)
      rack-protection (= 4.2.1)
      sinatra (= 4.2.1)
      tilt (~> 2.0)
    temple (0.10.7)
    thin (2.0.1)
      daemons (~> 1.0, >= 1.0.9)
      eventmachine (~> 1.0, >= 1.0.4)
      logger
      rack (>= 1, < 4)
    thor (1.5.0)
    tilt (2.9.0)

PLATFORMS
  ruby

DEPENDENCIES
  cinch
  daemons
  em-hiredis
  haml
  mysql2
  pg
  redis
  sass
  sequel
  sinatra
  sinatra-contrib
  thin

BUNDLED WITH
   2.6.7
